
Microsoft Visual Studio Solution File, Format Version 12.00
# Visual Studio Version 17
VisualStudioVersion = 17.6.33723.286
MinimumVisualStudioVersion = 10.0.40219.1
Project("{9A19103F-16F7-4668-BE54-9A1E7A4F7556}") = "StopnShop", "Stop'nShop\StopnShop.csproj", "{62621E7E-5692-48A5-B5E4-21C893676D30}"
EndProject
Project("{2150E333-8FDC-42A3-9474-1A3956D46DE8}") = "Solution Items", "Solution Items", "{BD3042EA-8E02-4103-8596-3116B8B4D8C7}"
	ProjectSection(SolutionItems) = preProject
		.editorconfig = .editorconfig
	EndProjectSection
EndProject
Global
	GlobalSection(SolutionConfigurationPlatforms) = preSolution
		Debug|Any CPU = Debug|Any CPU
		Release|Any CPU = Release|Any CPU
	EndGlobalSection
	GlobalSection(ProjectConfigurationPlatforms) = postSolution
		{62621E7E-5692-48A5-B5E4-21C893676D30}.Debug|Any CPU.ActiveCfg = Debug|Any CPU
		{62621E7E-5692-48A5-B5E4-21C893676D30}.Debug|Any CPU.Build.0 = Debug|Any CPU
		{62621E7E-5692-48A5-B5E4-21C893676D30}.Release|Any CPU.ActiveCfg = Release|Any CPU
		{62621E7E-5692-48A5-B5E4-21C893676D30}.Release|Any CPU.Build.0 = Release|Any CPU
	EndGlobalSection
	GlobalSection(SolutionProperties) = preSolution
		HideSolutionNode = FALSE
	EndGlobalSection
	GlobalSection(ExtensibilityGlobals) = postSolution
		SolutionGuid = {5661A993-9CA6-4DC5-8016-609800A5C8BC}
	EndGlobalSection
EndGlobal
